<?xml version="1.0" encoding="utf-8"?>
<Project ToolsVersion="4.0" xmlns="http://schemas.microsoft.com/developer/msbuild/2003">
  <ItemGroup>
    <Filter Include="리소스 파일">
      <UniqueIdentifier>{67DA6AB6-F800-4c08-8B7A-83BB121AAD01}</UniqueIdentifier>
      <Extensions>rc;ico;cur;bmp;dlg;rc2;rct;bin;rgs;gif;jpg;jpeg;jpe;resx;tiff;tif;png;wav;mfcribbon-ms</Extensions>
    </Filter>
    <Filter Include="Frame">
      <UniqueIdentifier>{07ea3313-54f2-444d-8fc4-17ccc01ce2fe}</UniqueIdentifier>
    </Filter>
    <Filter Include="Figure">
      <UniqueIdentifier>{b9a15f72-0aab-45d6-9013-9cf32d95dfc6}</UniqueIdentifier>
    </Filter>
    <Filter Include="Group">
      <UniqueIdentifier>{37242739-fb67-468a-8de4-23cb8f122503}</UniqueIdentifier>
    </Filter>
  </ItemGroup>
  <ItemGroup>
    <ClCompile Include="PainterFrame.cpp">
      <Filter>Frame</Filter>
    </ClCompile>
    <ClCompile Include="Figure.cpp">
      <Filter>Figure</Filter>
    </ClCompile>
    <ClCompile Include="Rect.cpp">
      <Filter>Figure</Filter>
    </ClCompile>
    <ClCompile Include="Circle.cpp">
      <Filter>Figure</Filter>
    </ClCompile>
    <ClCompile Include="Line.cpp">
      <Filter>Figure</Filter>
    </ClCompile>
    <ClCompile Include="main.cpp" />
    <ClCompile Include="Group.cpp">
      <Filter>Group</Filter>
    </ClCompile>
  </ItemGroup>
  <ItemGroup>
    <ClInclude Include="PainterFrame.h">
      <Filter>Frame</Filter>
    </ClInclude>
    <ClInclude Include="Figure.h">
      <Filter>Figure</Filter>
    </ClInclude>
    <ClInclude Include="Rect.h">
      <Filter>Figure</Filter>
    </ClInclude>
    <ClInclude Include="Circle.h">
      <Filter>Figure</Filter>
    </ClInclude>
    <ClInclude Include="Line.h">
      <Filter>Figure</Filter>
    </ClInclude>
    <ClInclude Include="Group.h">
      <Filter>Group</Filter>
    </ClInclude>
  </ItemGroup>
</Project>