<?xml version="1.0" encoding="utf-8"?>
<Project ToolsVersion="4.0" xmlns="http://schemas.microsoft.com/developer/msbuild/2003">
  <ItemGroup>
    <Filter Include="리소스 파일">
      <UniqueIdentifier>{67DA6AB6-F800-4c08-8B7A-83BB121AAD01}</UniqueIdentifier>
      <Extensions>rc;ico;cur;bmp;dlg;rc2;rct;bin;rgs;gif;jpg;jpeg;jpe;resx;tiff;tif;png;wav;mfcribbon-ms</Extensions>
    </Filter>
    <Filter Include="Button">
      <UniqueIdentifier>{b9aa1626-d5a2-4667-b6da-8fd48a975afe}</UniqueIdentifier>
    </Filter>
    <Filter Include="Event">
      <UniqueIdentifier>{834ac04c-6948-43d9-8b12-23e45e66ee41}</UniqueIdentifier>
    </Filter>
    <Filter Include="Frame">
      <UniqueIdentifier>{71947603-0425-461d-aabf-1bfc850f9d25}</UniqueIdentifier>
    </Filter>
    <Filter Include="Graphics">
      <UniqueIdentifier>{26ea87ce-a02b-4dd4-90dd-5c2417869097}</UniqueIdentifier>
    </Filter>
    <Filter Include="Singleton">
      <UniqueIdentifier>{7adbe0b2-ac15-4d02-a063-cc4b37339412}</UniqueIdentifier>
    </Filter>
    <Filter Include="Toolbar">
      <UniqueIdentifier>{052d8cb0-9a21-4e71-9277-f554d8ac1d0b}</UniqueIdentifier>
    </Filter>
    <Filter Include="Component">
      <UniqueIdentifier>{ed0de0fd-b8a7-4667-a994-b4c0c64c4aa3}</UniqueIdentifier>
    </Filter>
    <Filter Include="Container">
      <UniqueIdentifier>{c165b408-f60f-449a-acd0-ebc659ba8a8d}</UniqueIdentifier>
    </Filter>
  </ItemGroup>
  <ItemGroup>
    <ClInclude Include="Button.h">
      <Filter>Button</Filter>
    </ClInclude>
    <ClInclude Include="Misc.h">
      <Filter>Event</Filter>
    </ClInclude>
    <ClInclude Include="Frame.h">
      <Filter>Frame</Filter>
    </ClInclude>
    <ClInclude Include="Graphics.h">
      <Filter>Graphics</Filter>
    </ClInclude>
    <ClInclude Include="Singleton.h">
      <Filter>Singleton</Filter>
    </ClInclude>
    <ClInclude Include="Toolbar.h">
      <Filter>Toolbar</Filter>
    </ClInclude>
    <ClInclude Include="ButtonComponent.h">
      <Filter>Component</Filter>
    </ClInclude>
    <ClInclude Include="Container.h">
      <Filter>Container</Filter>
    </ClInclude>
    <ClInclude Include="RadioButton.h">
      <Filter>Button</Filter>
    </ClInclude>
  </ItemGroup>
  <ItemGroup>
    <ClCompile Include="Button.cpp">
      <Filter>Button</Filter>
    </ClCompile>
    <ClCompile Include="Misc.cpp">
      <Filter>Event</Filter>
    </ClCompile>
    <ClCompile Include="Frame.cpp">
      <Filter>Frame</Filter>
    </ClCompile>
    <ClCompile Include="Graphics.cpp">
      <Filter>Graphics</Filter>
    </ClCompile>
    <ClCompile Include="Singleton.cpp">
      <Filter>Singleton</Filter>
    </ClCompile>
    <ClCompile Include="Toolbar.cpp">
      <Filter>Toolbar</Filter>
    </ClCompile>
    <ClCompile Include="ButtonComponent.cpp">
      <Filter>Component</Filter>
    </ClCompile>
    <ClCompile Include="Container.cpp">
      <Filter>Container</Filter>
    </ClCompile>
    <ClCompile Include="RadioButton.cpp">
      <Filter>Button</Filter>
    </ClCompile>
  </ItemGroup>
</Project>